// !$*UTF8*$!
{
	archiveVersion = 1;
	classes = {
	};
	objectVersion = 56;
	objects = {

/* Begin PBXBuildFile section */
		E63251802BF58C4100EA4CCB /* CalendarKit in Frameworks */ = {isa = PBXBuildFile; productRef = E632517F2BF58C4100EA4CCB /* CalendarKit */; };
		E63251822BF5971E00EA4CCB /* EKWrapper.swift in Sources */ = {isa = PBXBuildFile; fileRef = E63251812BF5971E00EA4CCB /* EKWrapper.swift */; };
		E6356D942BCC859700CE9640 /* ToDoItem.xcdatamodeld in Sources */ = {isa = PBXBuildFile; fileRef = E6356D922BCC859700CE9640 /* ToDoItem.xcdatamodeld */; };
		E6356D972BCC86D900CE9640 /* ToDoItem+CoreDataClass.swift in Sources */ = {isa = PBXBuildFile; fileRef = E6356D952BCC86D900CE9640 /* ToDoItem+CoreDataClass.swift */; };
		E6356D982BCC86D900CE9640 /* ToDoItem+CoreDataProperties.swift in Sources */ = {isa = PBXBuildFile; fileRef = E6356D962BCC86D900CE9640 /* ToDoItem+CoreDataProperties.swift */; };
		E6888E472BB74EE800C7A1CE /* AppDelegate.swift in Sources */ = {isa = PBXBuildFile; fileRef = E6888E462BB74EE800C7A1CE /* AppDelegate.swift */; };
		E6888E492BB74EE800C7A1CE /* SceneDelegate.swift in Sources */ = {isa = PBXBuildFile; fileRef = E6888E482BB74EE800C7A1CE /* SceneDelegate.swift */; };
		E6888E4E2BB74EE800C7A1CE /* Base in Resources */ = {isa = PBXBuildFile; fileRef = E6888E4D2BB74EE800C7A1CE /* Base */; };
		E6888E502BB74EEA00C7A1CE /* Assets.xcassets in Resources */ = {isa = PBXBuildFile; fileRef = E6888E4F2BB74EEA00C7A1CE /* Assets.xcassets */; };
		E6888E532BB74EEA00C7A1CE /* Base in Resources */ = {isa = PBXBuildFile; fileRef = E6888E522BB74EEA00C7A1CE /* Base */; };
		E6888E5E2BB74EEB00C7A1CE /* synchronizeTests.swift in Sources */ = {isa = PBXBuildFile; fileRef = E6888E5D2BB74EEB00C7A1CE /* synchronizeTests.swift */; };
		E6888E682BB74EEB00C7A1CE /* synchronizeUITests.swift in Sources */ = {isa = PBXBuildFile; fileRef = E6888E672BB74EEB00C7A1CE /* synchronizeUITests.swift */; };
		E6888E6A2BB74EEB00C7A1CE /* synchronizeUITestsLaunchTests.swift in Sources */ = {isa = PBXBuildFile; fileRef = E6888E692BB74EEB00C7A1CE /* synchronizeUITestsLaunchTests.swift */; };
		E6888E7C2BB755AF00C7A1CE /* TodoViewController.swift in Sources */ = {isa = PBXBuildFile; fileRef = E6888E7B2BB755AF00C7A1CE /* TodoViewController.swift */; };
		E6888E7E2BB755BE00C7A1CE /* ScheduleViewController.swift in Sources */ = {isa = PBXBuildFile; fileRef = E6888E7D2BB755BE00C7A1CE /* ScheduleViewController.swift */; };
		E6888E802BB755D800C7A1CE /* SettingsViewController.swift in Sources */ = {isa = PBXBuildFile; fileRef = E6888E7F2BB755D800C7A1CE /* SettingsViewController.swift */; };
		E6888E822BB76BD800C7A1CE /* TableViewCell.swift in Sources */ = {isa = PBXBuildFile; fileRef = E6888E812BB76BD800C7A1CE /* TableViewCell.swift */; };
/* End PBXBuildFile section */

/* Begin PBXContainerItemProxy section */
		E6888E5A2BB74EEB00C7A1CE /* PBXContainerItemProxy */ = {
			isa = PBXContainerItemProxy;
			containerPortal = E6888E3B2BB74EE800C7A1CE /* Project object */;
			proxyType = 1;
			remoteGlobalIDString = E6888E422BB74EE800C7A1CE;
			remoteInfo = synchronize;
		};
		E6888E642BB74EEB00C7A1CE /* PBXContainerItemProxy */ = {
			isa = PBXContainerItemProxy;
			containerPortal = E6888E3B2BB74EE800C7A1CE /* Project object */;
			proxyType = 1;
			remoteGlobalIDString = E6888E422BB74EE800C7A1CE;
			remoteInfo = synchronize;
		};
/* End PBXContainerItemProxy section */

/* Begin PBXFileReference section */
		E63251812BF5971E00EA4CCB /* EKWrapper.swift */ = {isa = PBXFileReference; fileEncoding = 4; lastKnownFileType = sourcecode.swift; path = EKWrapper.swift; sourceTree = "<group>"; };
		E6356D932BCC859700CE9640 /* ToDoItem.xcdatamodel */ = {isa = PBXFileReference; lastKnownFileType = wrapper.xcdatamodel; path = ToDoItem.xcdatamodel; sourceTree = "<group>"; };
		E6356D952BCC86D900CE9640 /* ToDoItem+CoreDataClass.swift */ = {isa = PBXFileReference; lastKnownFileType = sourcecode.swift; path = "ToDoItem+CoreDataClass.swift"; sourceTree = "<group>"; };
		E6356D962BCC86D900CE9640 /* ToDoItem+CoreDataProperties.swift */ = {isa = PBXFileReference; lastKnownFileType = sourcecode.swift; path = "ToDoItem+CoreDataProperties.swift"; sourceTree = "<group>"; };
		E6888E432BB74EE800C7A1CE /* synchronize.app */ = {isa = PBXFileReference; explicitFileType = wrapper.application; includeInIndex = 0; path = synchronize.app; sourceTree = BUILT_PRODUCTS_DIR; };
		E6888E462BB74EE800C7A1CE /* AppDelegate.swift */ = {isa = PBXFileReference; lastKnownFileType = sourcecode.swift; path = AppDelegate.swift; sourceTree = "<group>"; };
		E6888E482BB74EE800C7A1CE /* SceneDelegate.swift */ = {isa = PBXFileReference; lastKnownFileType = sourcecode.swift; path = SceneDelegate.swift; sourceTree = "<group>"; };
		E6888E4D2BB74EE800C7A1CE /* Base */ = {isa = PBXFileReference; lastKnownFileType = file.storyboard; name = Base; path = Base.lproj/Main.storyboard; sourceTree = "<group>"; };
		E6888E4F2BB74EEA00C7A1CE /* Assets.xcassets */ = {isa = PBXFileReference; lastKnownFileType = folder.assetcatalog; path = Assets.xcassets; sourceTree = "<group>"; };
		E6888E522BB74EEA00C7A1CE /* Base */ = {isa = PBXFileReference; lastKnownFileType = file.storyboard; name = Base; path = Base.lproj/LaunchScreen.storyboard; sourceTree = "<group>"; };
		E6888E542BB74EEA00C7A1CE /* Info.plist */ = {isa = PBXFileReference; lastKnownFileType = text.plist.xml; path = Info.plist; sourceTree = "<group>"; };
		E6888E592BB74EEB00C7A1CE /* synchronizeTests.xctest */ = {isa = PBXFileReference; explicitFileType = wrapper.cfbundle; includeInIndex = 0; path = synchronizeTests.xctest; sourceTree = BUILT_PRODUCTS_DIR; };
		E6888E5D2BB74EEB00C7A1CE /* synchronizeTests.swift */ = {isa = PBXFileReference; lastKnownFileType = sourcecode.swift; path = synchronizeTests.swift; sourceTree = "<group>"; };
		E6888E632BB74EEB00C7A1CE /* synchronizeUITests.xctest */ = {isa = PBXFileReference; explicitFileType = wrapper.cfbundle; includeInIndex = 0; path = synchronizeUITests.xctest; sourceTree = BUILT_PRODUCTS_DIR; };
		E6888E672BB74EEB00C7A1CE /* synchronizeUITests.swift */ = {isa = PBXFileReference; lastKnownFileType = sourcecode.swift; path = synchronizeUITests.swift; sourceTree = "<group>"; };
		E6888E692BB74EEB00C7A1CE /* synchronizeUITestsLaunchTests.swift */ = {isa = PBXFileReference; lastKnownFileType = sourcecode.swift; path = synchronizeUITestsLaunchTests.swift; sourceTree = "<group>"; };
		E6888E7B2BB755AF00C7A1CE /* TodoViewController.swift */ = {isa = PBXFileReference; lastKnownFileType = sourcecode.swift; path = TodoViewController.swift; sourceTree = "<group>"; };
		E6888E7D2BB755BE00C7A1CE /* ScheduleViewController.swift */ = {isa = PBXFileReference; lastKnownFileType = sourcecode.swift; path = ScheduleViewController.swift; sourceTree = "<group>"; };
		E6888E7F2BB755D800C7A1CE /* SettingsViewController.swift */ = {isa = PBXFileReference; lastKnownFileType = sourcecode.swift; path = SettingsViewController.swift; sourceTree = "<group>"; };
		E6888E812BB76BD800C7A1CE /* TableViewCell.swift */ = {isa = PBXFileReference; lastKnownFileType = sourcecode.swift; path = TableViewCell.swift; sourceTree = "<group>"; };
/* End PBXFileReference section */

/* Begin PBXFrameworksBuildPhase section */
		E6888E402BB74EE800C7A1CE /* Frameworks */ = {
			isa = PBXFrameworksBuildPhase;
			buildActionMask = 2147483647;
			files = (
				E63251802BF58C4100EA4CCB /* CalendarKit in Frameworks */,
			);
			runOnlyForDeploymentPostprocessing = 0;
		};
		E6888E562BB74EEB00C7A1CE /* Frameworks */ = {
			isa = PBXFrameworksBuildPhase;
			buildActionMask = 2147483647;
			files = (
			);
			runOnlyForDeploymentPostprocessing = 0;
		};
		E6888E602BB74EEB00C7A1CE /* Frameworks */ = {
			isa = PBXFrameworksBuildPhase;
			buildActionMask = 2147483647;
			files = (
			);
			runOnlyForDeploymentPostprocessing = 0;
		};
/* End PBXFrameworksBuildPhase section */

/* Begin PBXGroup section */
		E6356D992BCC871400CE9640 /* ToDoItem */ = {
			isa = PBXGroup;
			children = (
				E6356D952BCC86D900CE9640 /* ToDoItem+CoreDataClass.swift */,
				E6356D962BCC86D900CE9640 /* ToDoItem+CoreDataProperties.swift */,
			);
			path = ToDoItem;
			sourceTree = "<group>";
		};
		E6888E3A2BB74EE800C7A1CE = {
			isa = PBXGroup;
			children = (
				E6888E5C2BB74EEB00C7A1CE /* synchronizeTests */,
				E6888E452BB74EE800C7A1CE /* synchronize */,
				E6888E662BB74EEB00C7A1CE /* synchronizeUITests */,
				E6888E442BB74EE800C7A1CE /* Products */,
			);
			sourceTree = "<group>";
		};
		E6888E442BB74EE800C7A1CE /* Products */ = {
			isa = PBXGroup;
			children = (
				E6888E432BB74EE800C7A1CE /* synchronize.app */,
				E6888E592BB74EEB00C7A1CE /* synchronizeTests.xctest */,
				E6888E632BB74EEB00C7A1CE /* synchronizeUITests.xctest */,
			);
			name = Products;
			sourceTree = "<group>";
		};
		E6888E452BB74EE800C7A1CE /* synchronize */ = {
			isa = PBXGroup;
			children = (
				E6356D992BCC871400CE9640 /* ToDoItem */,
				E6888E7A2BB7550F00C7A1CE /* Controllers */,
				E6888E782BB754E800C7A1CE /* Views */,
				E6888E762BB754CE00C7A1CE /* Models */,
				E6888E462BB74EE800C7A1CE /* AppDelegate.swift */,
				E6888E482BB74EE800C7A1CE /* SceneDelegate.swift */,
				E6888E4F2BB74EEA00C7A1CE /* Assets.xcassets */,
				E6888E542BB74EEA00C7A1CE /* Info.plist */,
			);
			path = synchronize;
			sourceTree = "<group>";
		};
		E6888E5C2BB74EEB00C7A1CE /* synchronizeTests */ = {
			isa = PBXGroup;
			children = (
				E6888E5D2BB74EEB00C7A1CE /* synchronizeTests.swift */,
			);
			path = synchronizeTests;
			sourceTree = "<group>";
		};
		E6888E662BB74EEB00C7A1CE /* synchronizeUITests */ = {
			isa = PBXGroup;
			children = (
				E6888E672BB74EEB00C7A1CE /* synchronizeUITests.swift */,
				E6888E692BB74EEB00C7A1CE /* synchronizeUITestsLaunchTests.swift */,
			);
			path = synchronizeUITests;
			sourceTree = "<group>";
		};
		E6888E762BB754CE00C7A1CE /* Models */ = {
			isa = PBXGroup;
			children = (
				E63251812BF5971E00EA4CCB /* EKWrapper.swift */,
				E6356D922BCC859700CE9640 /* ToDoItem.xcdatamodeld */,
			);
			path = Models;
			sourceTree = "<group>";
		};
		E6888E782BB754E800C7A1CE /* Views */ = {
			isa = PBXGroup;
			children = (
				E6888E512BB74EEA00C7A1CE /* LaunchScreen.storyboard */,
				E6888E4C2BB74EE800C7A1CE /* Main.storyboard */,
			);
			path = Views;
			sourceTree = "<group>";
		};
		E6888E7A2BB7550F00C7A1CE /* Controllers */ = {
			isa = PBXGroup;
			children = (
				E6888E7B2BB755AF00C7A1CE /* TodoViewController.swift */,
				E6888E7D2BB755BE00C7A1CE /* ScheduleViewController.swift */,
				E6888E7F2BB755D800C7A1CE /* SettingsViewController.swift */,
				E6888E812BB76BD800C7A1CE /* TableViewCell.swift */,
			);
			path = Controllers;
			sourceTree = "<group>";
		};
/* End PBXGroup section */

/* Begin PBXNativeTarget section */
		E6888E422BB74EE800C7A1CE /* synchronize */ = {
			isa = PBXNativeTarget;
			buildConfigurationList = E6888E6D2BB74EEB00C7A1CE /* Build configuration list for PBXNativeTarget "synchronize" */;
			buildPhases = (
				E6888E3F2BB74EE800C7A1CE /* Sources */,
				E6888E402BB74EE800C7A1CE /* Frameworks */,
				E6888E412BB74EE800C7A1CE /* Resources */,
			);
			buildRules = (
			);
			dependencies = (
			);
			name = synchronize;
			packageProductDependencies = (
				E632517F2BF58C4100EA4CCB /* CalendarKit */,
			);
			productName = synchronize;
			productReference = E6888E432BB74EE800C7A1CE /* synchronize.app */;
			productType = "com.apple.product-type.application";
		};
		E6888E582BB74EEB00C7A1CE /* synchronizeTests */ = {
			isa = PBXNativeTarget;
			buildConfigurationList = E6888E702BB74EEB00C7A1CE /* Build configuration list for PBXNativeTarget "synchronizeTests" */;
			buildPhases = (
				E6888E552BB74EEB00C7A1CE /* Sources */,
				E6888E562BB74EEB00C7A1CE /* Frameworks */,
				E6888E572BB74EEB00C7A1CE /* Resources */,
			);
			buildRules = (
			);
			dependencies = (
				E6888E5B2BB74EEB00C7A1CE /* PBXTargetDependency */,
			);
			name = synchronizeTests;
			productName = synchronizeTests;
			productReference = E6888E592BB74EEB00C7A1CE /* synchronizeTests.xctest */;
			productType = "com.apple.product-type.bundle.unit-test";
		};
		E6888E622BB74EEB00C7A1CE /* synchronizeUITests */ = {
			isa = PBXNativeTarget;
			buildConfigurationList = E6888E732BB74EEB00C7A1CE /* Build configuration list for PBXNativeTarget "synchronizeUITests" */;
			buildPhases = (
				E6888E5F2BB74EEB00C7A1CE /* Sources */,
				E6888E602BB74EEB00C7A1CE /* Frameworks */,
				E6888E612BB74EEB00C7A1CE /* Resources */,
			);
			buildRules = (
			);
			dependencies = (
				E6888E652BB74EEB00C7A1CE /* PBXTargetDependency */,
			);
			name = synchronizeUITests;
			productName = synchronizeUITests;
			productReference = E6888E632BB74EEB00C7A1CE /* synchronizeUITests.xctest */;
			productType = "com.apple.product-type.bundle.ui-testing";
		};
/* End PBXNativeTarget section */

/* Begin PBXProject section */
		E6888E3B2BB74EE800C7A1CE /* Project object */ = {
			isa = PBXProject;
			attributes = {
				BuildIndependentTargetsInParallel = 1;
				LastSwiftUpdateCheck = 1530;
				LastUpgradeCheck = 1530;
				TargetAttributes = {
					E6888E422BB74EE800C7A1CE = {
						CreatedOnToolsVersion = 15.3;
					};
					E6888E582BB74EEB00C7A1CE = {
						CreatedOnToolsVersion = 15.3;
						TestTargetID = E6888E422BB74EE800C7A1CE;
					};
					E6888E622BB74EEB00C7A1CE = {
						CreatedOnToolsVersion = 15.3;
						TestTargetID = E6888E422BB74EE800C7A1CE;
					};
				};
			};
			buildConfigurationList = E6888E3E2BB74EE800C7A1CE /* Build configuration list for PBXProject "synchronize" */;
			compatibilityVersion = "Xcode 14.0";
			developmentRegion = en;
			hasScannedForEncodings = 0;
			knownRegions = (
				en,
				Base,
			);
			mainGroup = E6888E3A2BB74EE800C7A1CE;
			packageReferences = (
				E632517E2BF58C4100EA4CCB /* XCRemoteSwiftPackageReference "CalendarKit" */,
			);
			productRefGroup = E6888E442BB74EE800C7A1CE /* Products */;
			projectDirPath = "";
			projectRoot = "";
			targets = (
				E6888E422BB74EE800C7A1CE /* synchronize */,
				E6888E582BB74EEB00C7A1CE /* synchronizeTests */,
				E6888E622BB74EEB00C7A1CE /* synchronizeUITests */,
			);
		};
/* End PBXProject section */

/* Begin PBXResourcesBuildPhase section */
		E6888E412BB74EE800C7A1CE /* Resources */ = {
			isa = PBXResourcesBuildPhase;
			buildActionMask = 2147483647;
			files = (
				E6888E502BB74EEA00C7A1CE /* Assets.xcassets in Resources */,
				E6888E532BB74EEA00C7A1CE /* Base in Resources */,
				E6888E4E2BB74EE800C7A1CE /* Base in Resources */,
			);
			runOnlyForDeploymentPostprocessing = 0;
		};
		E6888E572BB74EEB00C7A1CE /* Resources */ = {
			isa = PBXResourcesBuildPhase;
			buildActionMask = 2147483647;
			files = (
			);
			runOnlyForDeploymentPostprocessing = 0;
		};
		E6888E612BB74EEB00C7A1CE /* Resources */ = {
			isa = PBXResourcesBuildPhase;
			buildActionMask = 2147483647;
			files = (
			);
			runOnlyForDeploymentPostprocessing = 0;
		};
/* End PBXResourcesBuildPhase section */

/* Begin PBXSourcesBuildPhase section */
		E6888E3F2BB74EE800C7A1CE /* Sources */ = {
			isa = PBXSourcesBuildPhase;
			buildActionMask = 2147483647;
			files = (
				E6888E472BB74EE800C7A1CE /* AppDelegate.swift in Sources */,
				E6888E7C2BB755AF00C7A1CE /* TodoViewController.swift in Sources */,
				E6356D942BCC859700CE9640 /* ToDoItem.xcdatamodeld in Sources */,
				E6888E492BB74EE800C7A1CE /* SceneDelegate.swift in Sources */,
				E6356D972BCC86D900CE9640 /* ToDoItem+CoreDataClass.swift in Sources */,
				E6356D982BCC86D900CE9640 /* ToDoItem+CoreDataProperties.swift in Sources */,
				E6888E822BB76BD800C7A1CE /* TableViewCell.swift in Sources */,
				E6888E802BB755D800C7A1CE /* SettingsViewController.swift in Sources */,
				E6888E7E2BB755BE00C7A1CE /* ScheduleViewController.swift in Sources */,
				E63251822BF5971E00EA4CCB /* EKWrapper.swift in Sources */,
			);
			runOnlyForDeploymentPostprocessing = 0;
		};
		E6888E552BB74EEB00C7A1CE /* Sources */ = {
			isa = PBXSourcesBuildPhase;
			buildActionMask = 2147483647;
			files = (
				E6888E5E2BB74EEB00C7A1CE /* synchronizeTests.swift in Sources */,
			);
			runOnlyForDeploymentPostprocessing = 0;
		};
		E6888E5F2BB74EEB00C7A1CE /* Sources */ = {
			isa = PBXSourcesBuildPhase;
			buildActionMask = 2147483647;
			files = (
				E6888E682BB74EEB00C7A1CE /* synchronizeUITests.swift in Sources */,
				E6888E6A2BB74EEB00C7A1CE /* synchronizeUITestsLaunchTests.swift in Sources */,
			);
			runOnlyForDeploymentPostprocessing = 0;
		};
/* End PBXSourcesBuildPhase section */

/* Begin PBXTargetDependency section */
		E6888E5B2BB74EEB00C7A1CE /* PBXTargetDependency */ = {
			isa = PBXTargetDependency;
			target = E6888E422BB74EE800C7A1CE /* synchronize */;
			targetProxy = E6888E5A2BB74EEB00C7A1CE /* PBXContainerItemProxy */;
		};
		E6888E652BB74EEB00C7A1CE /* PBXTargetDependency */ = {
			isa = PBXTargetDependency;
			target = E6888E422BB74EE800C7A1CE /* synchronize */;
			targetProxy = E6888E642BB74EEB00C7A1CE /* PBXContainerItemProxy */;
		};
/* End PBXTargetDependency section */

/* Begin PBXVariantGroup section */
		E6888E4C2BB74EE800C7A1CE /* Main.storyboard */ = {
			isa = PBXVariantGroup;
			children = (
				E6888E4D2BB74EE800C7A1CE /* Base */,
			);
			name = Main.storyboard;
			sourceTree = "<group>";
		};
		E6888E512BB74EEA00C7A1CE /* LaunchScreen.storyboard */ = {
			isa = PBXVariantGroup;
			children = (
				E6888E522BB74EEA00C7A1CE /* Base */,
			);
			name = LaunchScreen.storyboard;
			sourceTree = "<group>";
		};
/* End PBXVariantGroup section */

/* Begin XCBuildConfiguration section */
		E6888E6B2BB74EEB00C7A1CE /* Debug */ = {
			isa = XCBuildConfiguration;
			buildSettings = {
				ALWAYS_SEARCH_USER_PATHS = NO;
				ASSETCATALOG_COMPILER_GENERATE_SWIFT_ASSET_SYMBOL_EXTENSIONS = YES;
				CLANG_ANALYZER_NONNULL = YES;
				CLANG_ANALYZER_NUMBER_OBJECT_CONVERSION = YES_AGGRESSIVE;
				CLANG_CXX_LANGUAGE_STANDARD = "gnu++20";
				CLANG_ENABLE_MODULES = YES;
				CLANG_ENABLE_OBJC_ARC = YES;
				CLANG_ENABLE_OBJC_WEAK = YES;
				CLANG_WARN_BLOCK_CAPTURE_AUTORELEASING = YES;
				CLANG_WARN_BOOL_CONVERSION = YES;
				CLANG_WARN_COMMA = YES;
				CLANG_WARN_CONSTANT_CONVERSION = YES;
				CLANG_WARN_DEPRECATED_OBJC_IMPLEMENTATIONS = YES;
				CLANG_WARN_DIRECT_OBJC_ISA_USAGE = YES_ERROR;
				CLANG_WARN_DOCUMENTATION_COMMENTS = YES;
				CLANG_WARN_EMPTY_BODY = YES;
				CLANG_WARN_ENUM_CONVERSION = YES;
				CLANG_WARN_INFINITE_RECURSION = YES;
				CLANG_WARN_INT_CONVERSION = YES;
				CLANG_WARN_NON_LITERAL_NULL_CONVERSION = YES;
				CLANG_WARN_OBJC_IMPLICIT_RETAIN_SELF = YES;
				CLANG_WARN_OBJC_LITERAL_CONVERSION = YES;
				CLANG_WARN_OBJC_ROOT_CLASS = YES_ERROR;
				CLANG_WARN_QUOTED_INCLUDE_IN_FRAMEWORK_HEADER = YES;
				CLANG_WARN_RANGE_LOOP_ANALYSIS = YES;
				CLANG_WARN_STRICT_PROTOTYPES = YES;
				CLANG_WARN_SUSPICIOUS_MOVE = YES;
				CLANG_WARN_UNGUARDED_AVAILABILITY = YES_AGGRESSIVE;
				CLANG_WARN_UNREACHABLE_CODE = YES;
				CLANG_WARN__DUPLICATE_METHOD_MATCH = YES;
				COPY_PHASE_STRIP = NO;
				DEBUG_INFORMATION_FORMAT = dwarf;
				ENABLE_STRICT_OBJC_MSGSEND = YES;
				ENABLE_TESTABILITY = YES;
				ENABLE_USER_SCRIPT_SANDBOXING = YES;
				GCC_C_LANGUAGE_STANDARD = gnu17;
				GCC_DYNAMIC_NO_PIC = NO;
				GCC_NO_COMMON_BLOCKS = YES;
				GCC_OPTIMIZATION_LEVEL = 0;
				GCC_PREPROCESSOR_DEFINITIONS = (
					"DEBUG=1",
					"$(inherited)",
				);
				GCC_WARN_64_TO_32_BIT_CONVERSION = YES;
				GCC_WARN_ABOUT_RETURN_TYPE = YES_ERROR;
				GCC_WARN_UNDECLARED_SELECTOR = YES;
				GCC_WARN_UNINITIALIZED_AUTOS = YES_AGGRESSIVE;
				GCC_WARN_UNUSED_FUNCTION = YES;
				GCC_WARN_UNUSED_VARIABLE = YES;
				IPHONEOS_DEPLOYMENT_TARGET = 17.0;
				LOCALIZATION_PREFERS_STRING_CATALOGS = YES;
				MTL_ENABLE_DEBUG_INFO = INCLUDE_SOURCE;
				MTL_FAST_MATH = YES;
				ONLY_ACTIVE_ARCH = YES;
				SDKROOT = iphoneos;
				SWIFT_ACTIVE_COMPILATION_CONDITIONS = "DEBUG $(inherited)";
				SWIFT_OPTIMIZATION_LEVEL = "-Onone";
			};
			name = Debug;
		};
		E6888E6C2BB74EEB00C7A1CE /* Release */ = {
			isa = XCBuildConfiguration;
			buildSettings = {
				ALWAYS_SEARCH_USER_PATHS = NO;
				ASSETCATALOG_COMPILER_GENERATE_SWIFT_ASSET_SYMBOL_EXTENSIONS = YES;
				CLANG_ANALYZER_NONNULL = YES;
				CLANG_ANALYZER_NUMBER_OBJECT_CONVERSION = YES_AGGRESSIVE;
				CLANG_CXX_LANGUAGE_STANDARD = "gnu++20";
				CLANG_ENABLE_MODULES = YES;
				CLANG_ENABLE_OBJC_ARC = YES;
				CLANG_ENABLE_OBJC_WEAK = YES;
				CLANG_WARN_BLOCK_CAPTURE_AUTORELEASING = YES;
				CLANG_WARN_BOOL_CONVERSION = YES;
				CLANG_WARN_COMMA = YES;
				CLANG_WARN_CONSTANT_CONVERSION = YES;
				CLANG_WARN_DEPRECATED_OBJC_IMPLEMENTATIONS = YES;
				CLANG_WARN_DIRECT_OBJC_ISA_USAGE = YES_ERROR;
				CLANG_WARN_DOCUMENTATION_COMMENTS = YES;
				CLANG_WARN_EMPTY_BODY = YES;
				CLANG_WARN_ENUM_CONVERSION = YES;
				CLANG_WARN_INFINITE_RECURSION = YES;
				CLANG_WARN_INT_CONVERSION = YES;
				CLANG_WARN_NON_LITERAL_NULL_CONVERSION = YES;
				CLANG_WARN_OBJC_IMPLICIT_RETAIN_SELF = YES;
				CLANG_WARN_OBJC_LITERAL_CONVERSION = YES;
				CLANG_WARN_OBJC_ROOT_CLASS = YES_ERROR;
				CLANG_WARN_QUOTED_INCLUDE_IN_FRAMEWORK_HEADER = YES;
				CLANG_WARN_RANGE_LOOP_ANALYSIS = YES;
				CLANG_WARN_STRICT_PROTOTYPES = YES;
				CLANG_WARN_SUSPICIOUS_MOVE = YES;
				CLANG_WARN_UNGUARDED_AVAILABILITY = YES_AGGRESSIVE;
				CLANG_WARN_UNREACHABLE_CODE = YES;
				CLANG_WARN__DUPLICATE_METHOD_MATCH = YES;
				COPY_PHASE_STRIP = NO;
				DEBUG_INFORMATION_FORMAT = "dwarf-with-dsym";
				ENABLE_NS_ASSERTIONS = NO;
				ENABLE_STRICT_OBJC_MSGSEND = YES;
				ENABLE_USER_SCRIPT_SANDBOXING = YES;
				GCC_C_LANGUAGE_STANDARD = gnu17;
				GCC_NO_COMMON_BLOCKS = YES;
				GCC_WARN_64_TO_32_BIT_CONVERSION = YES;
				GCC_WARN_ABOUT_RETURN_TYPE = YES_ERROR;
				GCC_WARN_UNDECLARED_SELECTOR = YES;
				GCC_WARN_UNINITIALIZED_AUTOS = YES_AGGRESSIVE;
				GCC_WARN_UNUSED_FUNCTION = YES;
				GCC_WARN_UNUSED_VARIABLE = YES;
				IPHONEOS_DEPLOYMENT_TARGET = 17.0;
				LOCALIZATION_PREFERS_STRING_CATALOGS = YES;
				MTL_ENABLE_DEBUG_INFO = NO;
				MTL_FAST_MATH = YES;
				SDKROOT = iphoneos;
				SWIFT_COMPILATION_MODE = wholemodule;
				VALIDATE_PRODUCT = YES;
			};
			name = Release;
		};
		E6888E6E2BB74EEB00C7A1CE /* Debug */ = {
			isa = XCBuildConfiguration;
			buildSettings = {
				ASSETCATALOG_COMPILER_APPICON_NAME = AppIcon;
				ASSETCATALOG_COMPILER_GLOBAL_ACCENT_COLOR_NAME = AccentColor;
				CODE_SIGN_STYLE = Automatic;
				CURRENT_PROJECT_VERSION = 1;
				DEVELOPMENT_TEAM = 2MQ5U6P53P;
				GENERATE_INFOPLIST_FILE = YES;
				INFOPLIST_FILE = synchronize/Info.plist;
				INFOPLIST_KEY_NSCalendarsUsageDescription = "The app needs access to the calendar to display the event";
				INFOPLIST_KEY_UIApplicationSupportsIndirectInputEvents = YES;
				INFOPLIST_KEY_UILaunchStoryboardName = LaunchScreen;
				INFOPLIST_KEY_UIMainStoryboardFile = Main;
				INFOPLIST_KEY_UISupportedInterfaceOrientations_iPad = "UIInterfaceOrientationPortrait UIInterfaceOrientationPortraitUpsideDown UIInterfaceOrientationLandscapeLeft UIInterfaceOrientationLandscapeRight";
				INFOPLIST_KEY_UISupportedInterfaceOrientations_iPhone = "UIInterfaceOrientationPortrait UIInterfaceOrientationLandscapeLeft UIInterfaceOrientationLandscapeRight";
				LD_RUNPATH_SEARCH_PATHS = (
					"$(inherited)",
					"@executable_path/Frameworks",
				);
				MARKETING_VERSION = 1.0;
				PRODUCT_BUNDLE_IDENTIFIER = cpsc411.synchronize;
				PRODUCT_NAME = "$(TARGET_NAME)";
				SUPPORTED_PLATFORMS = "iphoneos iphonesimulator";
				SUPPORTS_MACCATALYST = NO;
				SUPPORTS_MAC_DESIGNED_FOR_IPHONE_IPAD = NO;
				SUPPORTS_XR_DESIGNED_FOR_IPHONE_IPAD = NO;
				SWIFT_EMIT_LOC_STRINGS = YES;
				SWIFT_VERSION = 5.0;
				TARGETED_DEVICE_FAMILY = 1;
			};
			name = Debug;
		};
		E6888E6F2BB74EEB00C7A1CE /* Release */ = {
			isa = XCBuildConfiguration;
			buildSettings = {
				ASSETCATALOG_COMPILER_APPICON_NAME = AppIcon;
				ASSETCATALOG_COMPILER_GLOBAL_ACCENT_COLOR_NAME = AccentColor;
				CODE_SIGN_STYLE = Automatic;
				CURRENT_PROJECT_VERSION = 1;
				DEVELOPMENT_TEAM = 2MQ5U6P53P;
				GENERATE_INFOPLIST_FILE = YES;
				INFOPLIST_FILE = synchronize/Info.plist;
				INFOPLIST_KEY_NSCalendarsUsageDescription = "The app needs access to the calendar to display the event";
				INFOPLIST_KEY_UIApplicationSupportsIndirectInputEvents = YES;
				INFOPLIST_KEY_UILaunchStoryboardName = LaunchScreen;
				INFOPLIST_KEY_UIMainStoryboardFile = Main;
				INFOPLIST_KEY_UISupportedInterfaceOrientations_iPad = "UIInterfaceOrientationPortrait UIInterfaceOrientationPortraitUpsideDown UIInterfaceOrientationLandscapeLeft UIInterfaceOrientationLandscapeRight";
				INFOPLIST_KEY_UISupportedInterfaceOrientations_iPhone = "UIInterfaceOrientationPortrait UIInterfaceOrientationLandscapeLeft UIInterfaceOrientationLandscapeRight";
				LD_RUNPATH_SEARCH_PATHS = (
					"$(inherited)",
					"@executable_path/Frameworks",
				);
				MARKETING_VERSION = 1.0;
				PRODUCT_BUNDLE_IDENTIFIER = cpsc411.synchronize;
				PRODUCT_NAME = "$(TARGET_NAME)";
				SUPPORTED_PLATFORMS = "iphoneos iphonesimulator";
				SUPPORTS_MACCATALYST = NO;
				SUPPORTS_MAC_DESIGNED_FOR_IPHONE_IPAD = NO;
				SUPPORTS_XR_DESIGNED_FOR_IPHONE_IPAD = NO;
				SWIFT_EMIT_LOC_STRINGS = YES;
				SWIFT_VERSION = 5.0;
				TARGETED_DEVICE_FAMILY = 1;
			};
			name = Release;
		};
		E6888E712BB74EEB00C7A1CE /* Debug */ = {
			isa = XCBuildConfiguration;
			buildSettings = {
				ALWAYS_EMBED_SWIFT_STANDARD_LIBRARIES = YES;
				BUNDLE_LOADER = "$(TEST_HOST)";
				CODE_SIGN_STYLE = Automatic;
				CURRENT_PROJECT_VERSION = 1;
				DEVELOPMENT_TEAM = 2MQ5U6P53P;
				GENERATE_INFOPLIST_FILE = YES;
				IPHONEOS_DEPLOYMENT_TARGET = 17.4;
				MARKETING_VERSION = 1.0;
				PRODUCT_BUNDLE_IDENTIFIER = cpsc411.synchronizeTests;
				PRODUCT_NAME = "$(TARGET_NAME)";
				SWIFT_EMIT_LOC_STRINGS = NO;
				SWIFT_VERSION = 5.0;
				TARGETED_DEVICE_FAMILY = "1,2";
				TEST_HOST = "$(BUILT_PRODUCTS_DIR)/synchronize.app/$(BUNDLE_EXECUTABLE_FOLDER_PATH)/synchronize";
			};
			name = Debug;
		};
		E6888E722BB74EEB00C7A1CE /* Release */ = {
			isa = XCBuildConfiguration;
			buildSettings = {
				ALWAYS_EMBED_SWIFT_STANDARD_LIBRARIES = YES;
				BUNDLE_LOADER = "$(TEST_HOST)";
				CODE_SIGN_STYLE = Automatic;
				CURRENT_PROJECT_VERSION = 1;
				DEVELOPMENT_TEAM = 2MQ5U6P53P;
				GENERATE_INFOPLIST_FILE = YES;
				IPHONEOS_DEPLOYMENT_TARGET = 17.4;
				MARKETING_VERSION = 1.0;
				PRODUCT_BUNDLE_IDENTIFIER = cpsc411.synchronizeTests;
				PRODUCT_NAME = "$(TARGET_NAME)";
				SWIFT_EMIT_LOC_STRINGS = NO;
				SWIFT_VERSION = 5.0;
				TARGETED_DEVICE_FAMILY = "1,2";
				TEST_HOST = "$(BUILT_PRODUCTS_DIR)/synchronize.app/$(BUNDLE_EXECUTABLE_FOLDER_PATH)/synchronize";
			};
			name = Release;
		};
		E6888E742BB74EEB00C7A1CE /* Debug */ = {
			isa = XCBuildConfiguration;
			buildSettings = {
				ALWAYS_EMBED_SWIFT_STANDARD_LIBRARIES = YES;
				CODE_SIGN_STYLE = Automatic;
				CURRENT_PROJECT_VERSION = 1;
				DEVELOPMENT_TEAM = 2MQ5U6P53P;
				GENERATE_INFOPLIST_FILE = YES;
				MARKETING_VERSION = 1.0;
				PRODUCT_BUNDLE_IDENTIFIER = cpsc411.synchronizeUITests;
				PRODUCT_NAME = "$(TARGET_NAME)";
				SWIFT_EMIT_LOC_STRINGS = NO;
				SWIFT_VERSION = 5.0;
				TARGETED_DEVICE_FAMILY = "1,2";
				TEST_TARGET_NAME = synchronize;
			};
			name = Debug;
		};
		E6888E752BB74EEB00C7A1CE /* Release */ = {
			isa = XCBuildConfiguration;
			buildSettings = {
				ALWAYS_EMBED_SWIFT_STANDARD_LIBRARIES = YES;
				CODE_SIGN_STYLE = Automatic;
				CURRENT_PROJECT_VERSION = 1;
				DEVELOPMENT_TEAM = 2MQ5U6P53P;
				GENERATE_INFOPLIST_FILE = YES;
				MARKETING_VERSION = 1.0;
				PRODUCT_BUNDLE_IDENTIFIER = cpsc411.synchronizeUITests;
				PRODUCT_NAME = "$(TARGET_NAME)";
				SWIFT_EMIT_LOC_STRINGS = NO;
				SWIFT_VERSION = 5.0;
				TARGETED_DEVICE_FAMILY = "1,2";
				TEST_TARGET_NAME = synchronize;
			};
			name = Release;
		};
/* End XCBuildConfiguration section */

/* Begin XCConfigurationList section */
		E6888E3E2BB74EE800C7A1CE /* Build configuration list for PBXProject "synchronize" */ = {
			isa = XCConfigurationList;
			buildConfigurations = (
				E6888E6B2BB74EEB00C7A1CE /* Debug */,
				E6888E6C2BB74EEB00C7A1CE /* Release */,
			);
			defaultConfigurationIsVisible = 0;
			defaultConfigurationName = Release;
		};
		E6888E6D2BB74EEB00C7A1CE /* Build configuration list for PBXNativeTarget "synchronize" */ = {
			isa = XCConfigurationList;
			buildConfigurations = (
				E6888E6E2BB74EEB00C7A1CE /* Debug */,
				E6888E6F2BB74EEB00C7A1CE /* Release */,
			);
			defaultConfigurationIsVisible = 0;
			defaultConfigurationName = Release;
		};
		E6888E702BB74EEB00C7A1CE /* Build configuration list for PBXNativeTarget "synchronizeTests" */ = {
			isa = XCConfigurationList;
			buildConfigurations = (
				E6888E712BB74EEB00C7A1CE /* Debug */,
				E6888E722BB74EEB00C7A1CE /* Release */,
			);
			defaultConfigurationIsVisible = 0;
			defaultConfigurationName = Release;
		};
		E6888E732BB74EEB00C7A1CE /* Build configuration list for PBXNativeTarget "synchronizeUITests" */ = {
			isa = XCConfigurationList;
			buildConfigurations = (
				E6888E742BB74EEB00C7A1CE /* Debug */,
				E6888E752BB74EEB00C7A1CE /* Release */,
			);
			defaultConfigurationIsVisible = 0;
			defaultConfigurationName = Release;
		};
/* End XCConfigurationList section */

/* Begin XCRemoteSwiftPackageReference section */
		E632517E2BF58C4100EA4CCB /* XCRemoteSwiftPackageReference "CalendarKit" */ = {
			isa = XCRemoteSwiftPackageReference;
			repositoryURL = "https://github.com/richardtop/CalendarKit.git";
			requirement = {
				kind = upToNextMajorVersion;
				minimumVersion = 1.1.10;
			};
		};
/* End XCRemoteSwiftPackageReference section */

/* Begin XCSwiftPackageProductDependency section */
		E632517F2BF58C4100EA4CCB /* CalendarKit */ = {
			isa = XCSwiftPackageProductDependency;
			package = E632517E2BF58C4100EA4CCB /* XCRemoteSwiftPackageReference "CalendarKit" */;
			productName = CalendarKit;
		};
/* End XCSwiftPackageProductDependency section */

/* Begin XCVersionGroup section */
		E6356D922BCC859700CE9640 /* ToDoItem.xcdatamodeld */ = {
			isa = XCVersionGroup;
			children = (
				E6356D932BCC859700CE9640 /* ToDoItem.xcdatamodel */,
			);
			currentVersion = E6356D932BCC859700CE9640 /* ToDoItem.xcdatamodel */;
			path = ToDoItem.xcdatamodeld;
			sourceTree = "<group>";
			versionGroupType = wrapper.xcdatamodel;
		};
/* End XCVersionGroup section */
	};
	rootObject = E6888E3B2BB74EE800C7A1CE /* Project object */;
}
